// !$*UTF8*$!
{
	archiveVersion = 1;
	classes = {
	};
	objectVersion = 48;
	objects = {

/* Begin PBXBuildFile section */
		4932DF7B1EEB1B4700182D2F /* ContainerViewController.swift in Sources */ = {isa = PBXBuildFile; fileRef = 4932DF7A1EEB1B4700182D2F /* ContainerViewController.swift */; };
		4932DF7D1EEB1EBA00182D2F /* UserCell.swift in Sources */ = {isa = PBXBuildFile; fileRef = 4932DF7C1EEB1EBA00182D2F /* UserCell.swift */; };
		49F144841EEA2CA50030647A /* SetupViewController.swift in Sources */ = {isa = PBXBuildFile; fileRef = 49F144831EEA2CA50030647A /* SetupViewController.swift */; };
		5261AA271EEA1F30002F3BD5 /* DataEngine.swift in Sources */ = {isa = PBXBuildFile; fileRef = 5261AA261EEA1F30002F3BD5 /* DataEngine.swift */; };
		5261AA291EEA1F4D002F3BD5 /* NodeStack.swift in Sources */ = {isa = PBXBuildFile; fileRef = 5261AA281EEA1F4D002F3BD5 /* NodeStack.swift */; };
		67B729D81EEB4BF800FCD3A4 /* Utilities.swift in Sources */ = {isa = PBXBuildFile; fileRef = 67B729D71EEB4BF800FCD3A4 /* Utilities.swift */; };
		67F724181EEA006E0037605A /* AppDelegate.swift in Sources */ = {isa = PBXBuildFile; fileRef = 67F724171EEA006E0037605A /* AppDelegate.swift */; };
		67F7241C1EEA006E0037605A /* ViewController.swift in Sources */ = {isa = PBXBuildFile; fileRef = 67F7241B1EEA006E0037605A /* ViewController.swift */; };
		67F724211EEA006E0037605A /* Assets.xcassets in Resources */ = {isa = PBXBuildFile; fileRef = 67F724201EEA006E0037605A /* Assets.xcassets */; };
		67F724241EEA006E0037605A /* LaunchScreen.storyboard in Resources */ = {isa = PBXBuildFile; fileRef = 67F724221EEA006E0037605A /* LaunchScreen.storyboard */; };
		67F724481EEA01A60037605A /* DrawNode.swift in Sources */ = {isa = PBXBuildFile; fileRef = 67F724471EEA01A60037605A /* DrawNode.swift */; };
		A32385071EEFCAB1008800C1 /* Main.storyboard in Resources */ = {isa = PBXBuildFile; fileRef = A32385061EEFCAB1008800C1 /* Main.storyboard */; };
		A35020861EEFC07300373BD9 /* DrawingUser.swift in Sources */ = {isa = PBXBuildFile; fileRef = A35020851EEFC07300373BD9 /* DrawingUser.swift */; };
		A35020891EEFC27F00373BD9 /* Constants.swift in Sources */ = {isa = PBXBuildFile; fileRef = A35020881EEFC27F00373BD9 /* Constants.swift */; };
		A350208E1EEFC61600373BD9 /* DataPacket.swift in Sources */ = {isa = PBXBuildFile; fileRef = A350208D1EEFC61600373BD9 /* DataPacket.swift */; };
/* End PBXBuildFile section */

/* Begin PBXFileReference section */
		4932DF7A1EEB1B4700182D2F /* ContainerViewController.swift */ = {isa = PBXFileReference; lastKnownFileType = sourcecode.swift; path = ContainerViewController.swift; sourceTree = "<group>"; };
		4932DF7C1EEB1EBA00182D2F /* UserCell.swift */ = {isa = PBXFileReference; lastKnownFileType = sourcecode.swift; path = UserCell.swift; sourceTree = "<group>"; };
		49F144831EEA2CA50030647A /* SetupViewController.swift */ = {isa = PBXFileReference; lastKnownFileType = sourcecode.swift; path = SetupViewController.swift; sourceTree = "<group>"; };
		5261AA261EEA1F30002F3BD5 /* DataEngine.swift */ = {isa = PBXFileReference; lastKnownFileType = sourcecode.swift; path = DataEngine.swift; sourceTree = "<group>"; };
		5261AA281EEA1F4D002F3BD5 /* NodeStack.swift */ = {isa = PBXFileReference; lastKnownFileType = sourcecode.swift; path = NodeStack.swift; sourceTree = "<group>"; };
		67B729D71EEB4BF800FCD3A4 /* Utilities.swift */ = {isa = PBXFileReference; lastKnownFileType = sourcecode.swift; path = Utilities.swift; sourceTree = "<group>"; };
		67F724141EEA006E0037605A /* 3DDrawingTest.app */ = {isa = PBXFileReference; explicitFileType = wrapper.application; includeInIndex = 0; path = 3DDrawingTest.app; sourceTree = BUILT_PRODUCTS_DIR; };
		67F724171EEA006E0037605A /* AppDelegate.swift */ = {isa = PBXFileReference; lastKnownFileType = sourcecode.swift; path = AppDelegate.swift; sourceTree = "<group>"; };
		67F7241B1EEA006E0037605A /* ViewController.swift */ = {isa = PBXFileReference; lastKnownFileType = sourcecode.swift; path = ViewController.swift; sourceTree = "<group>"; };
		67F724201EEA006E0037605A /* Assets.xcassets */ = {isa = PBXFileReference; lastKnownFileType = folder.assetcatalog; path = Assets.xcassets; sourceTree = "<group>"; };
		67F724231EEA006E0037605A /* Base */ = {isa = PBXFileReference; lastKnownFileType = file.storyboard; name = Base; path = Base.lproj/LaunchScreen.storyboard; sourceTree = "<group>"; };
		67F724251EEA006E0037605A /* Info.plist */ = {isa = PBXFileReference; lastKnownFileType = text.plist.xml; path = Info.plist; sourceTree = "<group>"; };
		67F724471EEA01A60037605A /* DrawNode.swift */ = {isa = PBXFileReference; fileEncoding = 4; lastKnownFileType = sourcecode.swift; path = DrawNode.swift; sourceTree = "<group>"; };
		A32385061EEFCAB1008800C1 /* Main.storyboard */ = {isa = PBXFileReference; lastKnownFileType = file.storyboard; name = Main.storyboard; path = Base.lproj/Main.storyboard; sourceTree = "<group>"; };
		A35020851EEFC07300373BD9 /* DrawingUser.swift */ = {isa = PBXFileReference; lastKnownFileType = sourcecode.swift; path = DrawingUser.swift; sourceTree = "<group>"; };
		A35020881EEFC27F00373BD9 /* Constants.swift */ = {isa = PBXFileReference; lastKnownFileType = sourcecode.swift; path = Constants.swift; sourceTree = "<group>"; };
		A350208D1EEFC61600373BD9 /* DataPacket.swift */ = {isa = PBXFileReference; lastKnownFileType = sourcecode.swift; path = DataPacket.swift; sourceTree = "<group>"; };
/* End PBXFileReference section */

/* Begin PBXFrameworksBuildPhase section */
		67F724111EEA006E0037605A /* Frameworks */ = {
			isa = PBXFrameworksBuildPhase;
			buildActionMask = 2147483647;
			files = (
			);
			runOnlyForDeploymentPostprocessing = 0;
		};
/* End PBXFrameworksBuildPhase section */

/* Begin PBXGroup section */
		67F7240B1EEA006E0037605A = {
			isa = PBXGroup;
			children = (
				67F724161EEA006E0037605A /* 3DDrawingTest */,
				67F724151EEA006E0037605A /* Products */,
			);
			sourceTree = "<group>";
		};
		67F724151EEA006E0037605A /* Products */ = {
			isa = PBXGroup;
			children = (
				67F724141EEA006E0037605A /* 3DDrawingTest.app */,
			);
			name = Products;
			sourceTree = "<group>";
		};
		67F724161EEA006E0037605A /* 3DDrawingTest */ = {
			isa = PBXGroup;
			children = (
				67F724171EEA006E0037605A /* AppDelegate.swift */,
				A35020871EEFC09B00373BD9 /* Model */,
				A32385051EEFC825008800C1 /* UI Components */,
				A32385041EEFC811008800C1 /* Controllers */,
				A35020881EEFC27F00373BD9 /* Constants.swift */,
				67B729D71EEB4BF800FCD3A4 /* Utilities.swift */,
				A32385061EEFCAB1008800C1 /* Main.storyboard */,
				67F724221EEA006E0037605A /* LaunchScreen.storyboard */,
				67F724201EEA006E0037605A /* Assets.xcassets */,
				67F724251EEA006E0037605A /* Info.plist */,
			);
			path = 3DDrawingTest;
			sourceTree = "<group>";
		};
		A32385041EEFC811008800C1 /* Controllers */ = {
			isa = PBXGroup;
			children = (
				49F144831EEA2CA50030647A /* SetupViewController.swift */,
				67F7241B1EEA006E0037605A /* ViewController.swift */,
				4932DF7A1EEB1B4700182D2F /* ContainerViewController.swift */,
			);
			path = Controllers;
			sourceTree = "<group>";
		};
		A32385051EEFC825008800C1 /* UI Components */ = {
			isa = PBXGroup;
			children = (
				4932DF7C1EEB1EBA00182D2F /* UserCell.swift */,
			);
			path = "UI Components";
			sourceTree = "<group>";
		};
		A35020871EEFC09B00373BD9 /* Model */ = {
			isa = PBXGroup;
			children = (
				A35020851EEFC07300373BD9 /* DrawingUser.swift */,
				67F724471EEA01A60037605A /* DrawNode.swift */,
				5261AA281EEA1F4D002F3BD5 /* NodeStack.swift */,
				A350208D1EEFC61600373BD9 /* DataPacket.swift */,
				5261AA261EEA1F30002F3BD5 /* DataEngine.swift */,
			);
			path = Model;
			sourceTree = "<group>";
		};
/* End PBXGroup section */

/* Begin PBXNativeTarget section */
		67F724131EEA006E0037605A /* 3DDrawingTest */ = {
			isa = PBXNativeTarget;
			buildConfigurationList = 67F7243E1EEA006E0037605A /* Build configuration list for PBXNativeTarget "3DDrawingTest" */;
			buildPhases = (
				67F724101EEA006E0037605A /* Sources */,
				67F724111EEA006E0037605A /* Frameworks */,
				67F724121EEA006E0037605A /* Resources */,
				A32385081EEFCBFD008800C1 /* ShellScript */,
			);
			buildRules = (
			);
			dependencies = (
			);
			name = 3DDrawingTest;
			productName = 3DDrawingTest;
			productReference = 67F724141EEA006E0037605A /* 3DDrawingTest.app */;
			productType = "com.apple.product-type.application";
		};
/* End PBXNativeTarget section */

/* Begin PBXProject section */
		67F7240C1EEA006E0037605A /* Project object */ = {
			isa = PBXProject;
			attributes = {
				LastSwiftUpdateCheck = 0900;
				LastUpgradeCheck = 0900;
				ORGANIZATIONNAME = "Taketomo Isazawa";
				TargetAttributes = {
					67F724131EEA006E0037605A = {
						CreatedOnToolsVersion = 9.0;
					};
				};
			};
			buildConfigurationList = 67F7240F1EEA006E0037605A /* Build configuration list for PBXProject "3DDrawingTest" */;
			compatibilityVersion = "Xcode 8.0";
			developmentRegion = en;
			hasScannedForEncodings = 0;
			knownRegions = (
				en,
				Base,
			);
			mainGroup = 67F7240B1EEA006E0037605A;
			productRefGroup = 67F724151EEA006E0037605A /* Products */;
			projectDirPath = "";
			projectRoot = "";
			targets = (
				67F724131EEA006E0037605A /* 3DDrawingTest */,
			);
		};
/* End PBXProject section */

/* Begin PBXResourcesBuildPhase section */
		67F724121EEA006E0037605A /* Resources */ = {
			isa = PBXResourcesBuildPhase;
			buildActionMask = 2147483647;
			files = (
				A32385071EEFCAB1008800C1 /* Main.storyboard in Resources */,
				67F724241EEA006E0037605A /* LaunchScreen.storyboard in Resources */,
				67F724211EEA006E0037605A /* Assets.xcassets in Resources */,
			);
			runOnlyForDeploymentPostprocessing = 0;
		};
/* End PBXResourcesBuildPhase section */

/* Begin PBXShellScriptBuildPhase section */
		A32385081EEFCBFD008800C1 /* ShellScript */ = {
			isa = PBXShellScriptBuildPhase;
			buildActionMask = 2147483647;
			files = (
			);
			inputPaths = (
			);
			outputPaths = (
			);
			runOnlyForDeploymentPostprocessing = 0;
			shellPath = /bin/sh;
			shellScript = "if which swiftlint >/dev/null; then\necho \"SwiftLint currently disabled\"\nswiftlint\nelse\necho \"warning: SwiftLint not installed, download from https://github.com/realm/SwiftLint\"\nfi";
		};
/* End PBXShellScriptBuildPhase section */

/* Begin PBXSourcesBuildPhase section */
		67F724101EEA006E0037605A /* Sources */ = {
			isa = PBXSourcesBuildPhase;
			buildActionMask = 2147483647;
			files = (
				4932DF7D1EEB1EBA00182D2F /* UserCell.swift in Sources */,
				A35020891EEFC27F00373BD9 /* Constants.swift in Sources */,
				67F7241C1EEA006E0037605A /* ViewController.swift in Sources */,
				67F724481EEA01A60037605A /* DrawNode.swift in Sources */,
				4932DF7B1EEB1B4700182D2F /* ContainerViewController.swift in Sources */,
				A350208E1EEFC61600373BD9 /* DataPacket.swift in Sources */,
				5261AA291EEA1F4D002F3BD5 /* NodeStack.swift in Sources */,
				67F724181EEA006E0037605A /* AppDelegate.swift in Sources */,
				A35020861EEFC07300373BD9 /* DrawingUser.swift in Sources */,
				67B729D81EEB4BF800FCD3A4 /* Utilities.swift in Sources */,
				49F144841EEA2CA50030647A /* SetupViewController.swift in Sources */,
				5261AA271EEA1F30002F3BD5 /* DataEngine.swift in Sources */,
			);
			runOnlyForDeploymentPostprocessing = 0;
		};
/* End PBXSourcesBuildPhase section */

/* Begin PBXVariantGroup section */
		67F724221EEA006E0037605A /* LaunchScreen.storyboard */ = {
			isa = PBXVariantGroup;
			children = (
				67F724231EEA006E0037605A /* Base */,
			);
			name = LaunchScreen.storyboard;
			sourceTree = "<group>";
		};
/* End PBXVariantGroup section */

/* Begin XCBuildConfiguration section */
		67F7243C1EEA006E0037605A /* Debug */ = {
			isa = XCBuildConfiguration;
			buildSettings = {
				ALWAYS_SEARCH_USER_PATHS = NO;
				CLANG_ANALYZER_NONNULL = YES;
				CLANG_ANALYZER_NUMBER_OBJECT_CONVERSION = YES_AGGRESSIVE;
				CLANG_CXX_LANGUAGE_STANDARD = "gnu++14";
				CLANG_CXX_LIBRARY = "libc++";
				CLANG_ENABLE_MODULES = YES;
				CLANG_ENABLE_OBJC_ARC = YES;
				CLANG_WARN_BLOCK_CAPTURE_AUTORELEASING = YES;
				CLANG_WARN_BOOL_CONVERSION = YES;
				CLANG_WARN_COMMA = YES;
				CLANG_WARN_CONSTANT_CONVERSION = YES;
				CLANG_WARN_DIRECT_OBJC_ISA_USAGE = YES_ERROR;
				CLANG_WARN_DOCUMENTATION_COMMENTS = YES;
				CLANG_WARN_EMPTY_BODY = YES;
				CLANG_WARN_ENUM_CONVERSION = YES;
				CLANG_WARN_INFINITE_RECURSION = YES;
				CLANG_WARN_INT_CONVERSION = YES;
				CLANG_WARN_OBJC_ROOT_CLASS = YES_ERROR;
				CLANG_WARN_RANGE_LOOP_ANALYSIS = YES;
				CLANG_WARN_STRICT_PROTOTYPES = YES;
				CLANG_WARN_SUSPICIOUS_MOVE = YES;
				CLANG_WARN_UNGUARDED_AVAILABILITY = YES_AGGRESSIVE;
				CLANG_WARN_UNREACHABLE_CODE = YES;
				CLANG_WARN__DUPLICATE_METHOD_MATCH = YES;
				CODE_SIGN_IDENTITY = "iPhone Developer";
				COPY_PHASE_STRIP = NO;
				DEBUG_INFORMATION_FORMAT = dwarf;
				ENABLE_STRICT_OBJC_MSGSEND = YES;
				ENABLE_TESTABILITY = YES;
				GCC_C_LANGUAGE_STANDARD = gnu11;
				GCC_DYNAMIC_NO_PIC = NO;
				GCC_NO_COMMON_BLOCKS = YES;
				GCC_OPTIMIZATION_LEVEL = 0;
				GCC_PREPROCESSOR_DEFINITIONS = (
					"DEBUG=1",
					"$(inherited)",
				);
				GCC_WARN_64_TO_32_BIT_CONVERSION = YES;
				GCC_WARN_ABOUT_RETURN_TYPE = YES_ERROR;
				GCC_WARN_UNDECLARED_SELECTOR = YES;
				GCC_WARN_UNINITIALIZED_AUTOS = YES_AGGRESSIVE;
				GCC_WARN_UNUSED_FUNCTION = YES;
				GCC_WARN_UNUSED_VARIABLE = YES;
				IPHONEOS_DEPLOYMENT_TARGET = 11.0;
				MTL_ENABLE_DEBUG_INFO = YES;
				ONLY_ACTIVE_ARCH = YES;
				SDKROOT = iphoneos;
				SWIFT_ACTIVE_COMPILATION_CONDITIONS = DEBUG;
				SWIFT_OPTIMIZATION_LEVEL = "-Onone";
			};
			name = Debug;
		};
		67F7243D1EEA006E0037605A /* Release */ = {
			isa = XCBuildConfiguration;
			buildSettings = {
				ALWAYS_SEARCH_USER_PATHS = NO;
				CLANG_ANALYZER_NONNULL = YES;
				CLANG_ANALYZER_NUMBER_OBJECT_CONVERSION = YES_AGGRESSIVE;
				CLANG_CXX_LANGUAGE_STANDARD = "gnu++14";
				CLANG_CXX_LIBRARY = "libc++";
				CLANG_ENABLE_MODULES = YES;
				CLANG_ENABLE_OBJC_ARC = YES;
				CLANG_WARN_BLOCK_CAPTURE_AUTORELEASING = YES;
				CLANG_WARN_BOOL_CONVERSION = YES;
				CLANG_WARN_COMMA = YES;
				CLANG_WARN_CONSTANT_CONVERSION = YES;
				CLANG_WARN_DIRECT_OBJC_ISA_USAGE = YES_ERROR;
				CLANG_WARN_DOCUMENTATION_COMMENTS = YES;
				CLANG_WARN_EMPTY_BODY = YES;
				CLANG_WARN_ENUM_CONVERSION = YES;
				CLANG_WARN_INFINITE_RECURSION = YES;
				CLANG_WARN_INT_CONVERSION = YES;
				CLANG_WARN_OBJC_ROOT_CLASS = YES_ERROR;
				CLANG_WARN_RANGE_LOOP_ANALYSIS = YES;
				CLANG_WARN_STRICT_PROTOTYPES = YES;
				CLANG_WARN_SUSPICIOUS_MOVE = YES;
				CLANG_WARN_UNGUARDED_AVAILABILITY = YES_AGGRESSIVE;
				CLANG_WARN_UNREACHABLE_CODE = YES;
				CLANG_WARN__DUPLICATE_METHOD_MATCH = YES;
				CODE_SIGN_IDENTITY = "iPhone Developer";
				COPY_PHASE_STRIP = NO;
				DEBUG_INFORMATION_FORMAT = "dwarf-with-dsym";
				ENABLE_NS_ASSERTIONS = NO;
				ENABLE_STRICT_OBJC_MSGSEND = YES;
				GCC_C_LANGUAGE_STANDARD = gnu11;
				GCC_NO_COMMON_BLOCKS = YES;
				GCC_WARN_64_TO_32_BIT_CONVERSION = YES;
				GCC_WARN_ABOUT_RETURN_TYPE = YES_ERROR;
				GCC_WARN_UNDECLARED_SELECTOR = YES;
				GCC_WARN_UNINITIALIZED_AUTOS = YES_AGGRESSIVE;
				GCC_WARN_UNUSED_FUNCTION = YES;
				GCC_WARN_UNUSED_VARIABLE = YES;
				IPHONEOS_DEPLOYMENT_TARGET = 11.0;
				MTL_ENABLE_DEBUG_INFO = NO;
				SDKROOT = iphoneos;
				SWIFT_OPTIMIZATION_LEVEL = "-Owholemodule";
				VALIDATE_PRODUCT = YES;
			};
			name = Release;
		};
		67F7243F1EEA006E0037605A /* Debug */ = {
			isa = XCBuildConfiguration;
			buildSettings = {
				ASSETCATALOG_COMPILER_APPICON_NAME = AppIcon;
				DEVELOPMENT_TEAM = JHN8AW68Y3;
				INFOPLIST_FILE = 3DDrawingTest/Info.plist;
				LD_RUNPATH_SEARCH_PATHS = "$(inherited) @executable_path/Frameworks";
				PRODUCT_BUNDLE_IDENTIFIER = "titaniumapps.-DDrawingTest";
				PRODUCT_NAME = "$(TARGET_NAME)";
				SWIFT_VERSION = 4.0;
				TARGETED_DEVICE_FAMILY = "1,2";
			};
			name = Debug;
		};
		67F724401EEA006E0037605A /* Release */ = {
			isa = XCBuildConfiguration;
			buildSettings = {
				ASSETCATALOG_COMPILER_APPICON_NAME = AppIcon;
				DEVELOPMENT_TEAM = JHN8AW68Y3;
				INFOPLIST_FILE = 3DDrawingTest/Info.plist;
				LD_RUNPATH_SEARCH_PATHS = "$(inherited) @executable_path/Frameworks";
				PRODUCT_BUNDLE_IDENTIFIER = "titaniumapps.-DDrawingTest";
				PRODUCT_NAME = "$(TARGET_NAME)";
				SWIFT_VERSION = 4.0;
				TARGETED_DEVICE_FAMILY = "1,2";
			};
			name = Release;
		};
/* End XCBuildConfiguration section */

/* Begin XCConfigurationList section */
		67F7240F1EEA006E0037605A /* Build configuration list for PBXProject "3DDrawingTest" */ = {
			isa = XCConfigurationList;
			buildConfigurations = (
				67F7243C1EEA006E0037605A /* Debug */,
				67F7243D1EEA006E0037605A /* Release */,
			);
			defaultConfigurationIsVisible = 0;
			defaultConfigurationName = Release;
		};
		67F7243E1EEA006E0037605A /* Build configuration list for PBXNativeTarget "3DDrawingTest" */ = {
			isa = XCConfigurationList;
			buildConfigurations = (
				67F7243F1EEA006E0037605A /* Debug */,
				67F724401EEA006E0037605A /* Release */,
			);
			defaultConfigurationIsVisible = 0;
			defaultConfigurationName = Release;
		};
/* End XCConfigurationList section */
	};
	rootObject = 67F7240C1EEA006E0037605A /* Project object */;
}
