// !$*UTF8*$!
{
	archiveVersion = 1;
	classes = {
	};
	objectVersion = 48;
	objects = {

/* Begin PBXBuildFile section */
		67F724181EEA006E0037605A /* AppDelegate.swift in Sources */ = {isa = PBXBuildFile; fileRef = 67F724171EEA006E0037605A /* AppDelegate.swift */; };
		67F7241A1EEA006E0037605A /* art.scnassets in Resources */ = {isa = PBXBuildFile; fileRef = 67F724191EEA006E0037605A /* art.scnassets */; };
		67F7241C1EEA006E0037605A /* ViewController.swift in Sources */ = {isa = PBXBuildFile; fileRef = 67F7241B1EEA006E0037605A /* ViewController.swift */; };
		67F7241F1EEA006E0037605A /* Main.storyboard in Resources */ = {isa = PBXBuildFile; fileRef = 67F7241D1EEA006E0037605A /* Main.storyboard */; };
		67F724211EEA006E0037605A /* Assets.xcassets in Resources */ = {isa = PBXBuildFile; fileRef = 67F724201EEA006E0037605A /* Assets.xcassets */; };
		67F724241EEA006E0037605A /* LaunchScreen.storyboard in Resources */ = {isa = PBXBuildFile; fileRef = 67F724221EEA006E0037605A /* LaunchScreen.storyboard */; };
		67F7242F1EEA006E0037605A /* _DDrawingTestTests.swift in Sources */ = {isa = PBXBuildFile; fileRef = 67F7242E1EEA006E0037605A /* _DDrawingTestTests.swift */; };
		67F7243A1EEA006E0037605A /* _DDrawingTestUITests.swift in Sources */ = {isa = PBXBuildFile; fileRef = 67F724391EEA006E0037605A /* _DDrawingTestUITests.swift */; };
		67F724481EEA01A60037605A /* DrawNode.swift in Sources */ = {isa = PBXBuildFile; fileRef = 67F724471EEA01A60037605A /* DrawNode.swift */; };
/* End PBXBuildFile section */

/* Begin PBXContainerItemProxy section */
		67F7242B1EEA006E0037605A /* PBXContainerItemProxy */ = {
			isa = PBXContainerItemProxy;
			containerPortal = 67F7240C1EEA006E0037605A /* Project object */;
			proxyType = 1;
			remoteGlobalIDString = 67F724131EEA006E0037605A;
			remoteInfo = 3DDrawingTest;
		};
		67F724361EEA006E0037605A /* PBXContainerItemProxy */ = {
			isa = PBXContainerItemProxy;
			containerPortal = 67F7240C1EEA006E0037605A /* Project object */;
			proxyType = 1;
			remoteGlobalIDString = 67F724131EEA006E0037605A;
			remoteInfo = 3DDrawingTest;
		};
/* End PBXContainerItemProxy section */

/* Begin PBXFileReference section */
		67F724141EEA006E0037605A /* 3DDrawingTest.app */ = {isa = PBXFileReference; explicitFileType = wrapper.application; includeInIndex = 0; path = 3DDrawingTest.app; sourceTree = BUILT_PRODUCTS_DIR; };
		67F724171EEA006E0037605A /* AppDelegate.swift */ = {isa = PBXFileReference; lastKnownFileType = sourcecode.swift; path = AppDelegate.swift; sourceTree = "<group>"; };
		67F724191EEA006E0037605A /* art.scnassets */ = {isa = PBXFileReference; lastKnownFileType = wrapper.scnassets; path = art.scnassets; sourceTree = "<group>"; };
		67F7241B1EEA006E0037605A /* ViewController.swift */ = {isa = PBXFileReference; lastKnownFileType = sourcecode.swift; path = ViewController.swift; sourceTree = "<group>"; };
		67F7241E1EEA006E0037605A /* Base */ = {isa = PBXFileReference; lastKnownFileType = file.storyboard; name = Base; path = Base.lproj/Main.storyboard; sourceTree = "<group>"; };
		67F724201EEA006E0037605A /* Assets.xcassets */ = {isa = PBXFileReference; lastKnownFileType = folder.assetcatalog; path = Assets.xcassets; sourceTree = "<group>"; };
		67F724231EEA006E0037605A /* Base */ = {isa = PBXFileReference; lastKnownFileType = file.storyboard; name = Base; path = Base.lproj/LaunchScreen.storyboard; sourceTree = "<group>"; };
		67F724251EEA006E0037605A /* Info.plist */ = {isa = PBXFileReference; lastKnownFileType = text.plist.xml; path = Info.plist; sourceTree = "<group>"; };
		67F7242A1EEA006E0037605A /* 3DDrawingTestTests.xctest */ = {isa = PBXFileReference; explicitFileType = wrapper.cfbundle; includeInIndex = 0; path = 3DDrawingTestTests.xctest; sourceTree = BUILT_PRODUCTS_DIR; };
		67F7242E1EEA006E0037605A /* _DDrawingTestTests.swift */ = {isa = PBXFileReference; lastKnownFileType = sourcecode.swift; path = _DDrawingTestTests.swift; sourceTree = "<group>"; };
		67F724301EEA006E0037605A /* Info.plist */ = {isa = PBXFileReference; lastKnownFileType = text.plist.xml; path = Info.plist; sourceTree = "<group>"; };
		67F724351EEA006E0037605A /* 3DDrawingTestUITests.xctest */ = {isa = PBXFileReference; explicitFileType = wrapper.cfbundle; includeInIndex = 0; path = 3DDrawingTestUITests.xctest; sourceTree = BUILT_PRODUCTS_DIR; };
		67F724391EEA006E0037605A /* _DDrawingTestUITests.swift */ = {isa = PBXFileReference; lastKnownFileType = sourcecode.swift; path = _DDrawingTestUITests.swift; sourceTree = "<group>"; };
		67F7243B1EEA006E0037605A /* Info.plist */ = {isa = PBXFileReference; lastKnownFileType = text.plist.xml; path = Info.plist; sourceTree = "<group>"; };
		67F724471EEA01A60037605A /* DrawNode.swift */ = {isa = PBXFileReference; fileEncoding = 4; lastKnownFileType = sourcecode.swift; name = DrawNode.swift; path = ../../DrawTime/SpriteKitTest/SpriteKitTest/DrawNode.swift; sourceTree = "<group>"; };
/* End PBXFileReference section */

/* Begin PBXFrameworksBuildPhase section */
		67F724111EEA006E0037605A /* Frameworks */ = {
			isa = PBXFrameworksBuildPhase;
			buildActionMask = 2147483647;
			files = (
			);
			runOnlyForDeploymentPostprocessing = 0;
		};
		67F724271EEA006E0037605A /* Frameworks */ = {
			isa = PBXFrameworksBuildPhase;
			buildActionMask = 2147483647;
			files = (
			);
			runOnlyForDeploymentPostprocessing = 0;
		};
		67F724321EEA006E0037605A /* Frameworks */ = {
			isa = PBXFrameworksBuildPhase;
			buildActionMask = 2147483647;
			files = (
			);
			runOnlyForDeploymentPostprocessing = 0;
		};
/* End PBXFrameworksBuildPhase section */

/* Begin PBXGroup section */
		67F7240B1EEA006E0037605A = {
			isa = PBXGroup;
			children = (
				67F724161EEA006E0037605A /* 3DDrawingTest */,
				67F7242D1EEA006E0037605A /* 3DDrawingTestTests */,
				67F724381EEA006E0037605A /* 3DDrawingTestUITests */,
				67F724151EEA006E0037605A /* Products */,
			);
			sourceTree = "<group>";
		};
		67F724151EEA006E0037605A /* Products */ = {
			isa = PBXGroup;
			children = (
				67F724141EEA006E0037605A /* 3DDrawingTest.app */,
				67F7242A1EEA006E0037605A /* 3DDrawingTestTests.xctest */,
				67F724351EEA006E0037605A /* 3DDrawingTestUITests.xctest */,
			);
			name = Products;
			sourceTree = "<group>";
		};
		67F724161EEA006E0037605A /* 3DDrawingTest */ = {
			isa = PBXGroup;
			children = (
				67F724171EEA006E0037605A /* AppDelegate.swift */,
				67F724191EEA006E0037605A /* art.scnassets */,
				67F7241B1EEA006E0037605A /* ViewController.swift */,
				67F724471EEA01A60037605A /* DrawNode.swift */,
				67F7241D1EEA006E0037605A /* Main.storyboard */,
				67F724201EEA006E0037605A /* Assets.xcassets */,
				67F724221EEA006E0037605A /* LaunchScreen.storyboard */,
				67F724251EEA006E0037605A /* Info.plist */,
			);
			path = 3DDrawingTest;
			sourceTree = "<group>";
		};
		67F7242D1EEA006E0037605A /* 3DDrawingTestTests */ = {
			isa = PBXGroup;
			children = (
				67F7242E1EEA006E0037605A /* _DDrawingTestTests.swift */,
				67F724301EEA006E0037605A /* Info.plist */,
			);
			path = 3DDrawingTestTests;
			sourceTree = "<group>";
		};
		67F724381EEA006E0037605A /* 3DDrawingTestUITests */ = {
			isa = PBXGroup;
			children = (
				67F724391EEA006E0037605A /* _DDrawingTestUITests.swift */,
				67F7243B1EEA006E0037605A /* Info.plist */,
			);
			path = 3DDrawingTestUITests;
			sourceTree = "<group>";
		};
/* End PBXGroup section */

/* Begin PBXNativeTarget section */
		67F724131EEA006E0037605A /* 3DDrawingTest */ = {
			isa = PBXNativeTarget;
			buildConfigurationList = 67F7243E1EEA006E0037605A /* Build configuration list for PBXNativeTarget "3DDrawingTest" */;
			buildPhases = (
				67F724101EEA006E0037605A /* Sources */,
				67F724111EEA006E0037605A /* Frameworks */,
				67F724121EEA006E0037605A /* Resources */,
			);
			buildRules = (
			);
			dependencies = (
			);
			name = 3DDrawingTest;
			productName = 3DDrawingTest;
			productReference = 67F724141EEA006E0037605A /* 3DDrawingTest.app */;
			productType = "com.apple.product-type.application";
		};
		67F724291EEA006E0037605A /* 3DDrawingTestTests */ = {
			isa = PBXNativeTarget;
			buildConfigurationList = 67F724411EEA006E0037605A /* Build configuration list for PBXNativeTarget "3DDrawingTestTests" */;
			buildPhases = (
				67F724261EEA006E0037605A /* Sources */,
				67F724271EEA006E0037605A /* Frameworks */,
				67F724281EEA006E0037605A /* Resources */,
			);
			buildRules = (
			);
			dependencies = (
				67F7242C1EEA006E0037605A /* PBXTargetDependency */,
			);
			name = 3DDrawingTestTests;
			productName = 3DDrawingTestTests;
			productReference = 67F7242A1EEA006E0037605A /* 3DDrawingTestTests.xctest */;
			productType = "com.apple.product-type.bundle.unit-test";
		};
		67F724341EEA006E0037605A /* 3DDrawingTestUITests */ = {
			isa = PBXNativeTarget;
			buildConfigurationList = 67F724441EEA006E0037605A /* Build configuration list for PBXNativeTarget "3DDrawingTestUITests" */;
			buildPhases = (
				67F724311EEA006E0037605A /* Sources */,
				67F724321EEA006E0037605A /* Frameworks */,
				67F724331EEA006E0037605A /* Resources */,
			);
			buildRules = (
			);
			dependencies = (
				67F724371EEA006E0037605A /* PBXTargetDependency */,
			);
			name = 3DDrawingTestUITests;
			productName = 3DDrawingTestUITests;
			productReference = 67F724351EEA006E0037605A /* 3DDrawingTestUITests.xctest */;
			productType = "com.apple.product-type.bundle.ui-testing";
		};
/* End PBXNativeTarget section */

/* Begin PBXProject section */
		67F7240C1EEA006E0037605A /* Project object */ = {
			isa = PBXProject;
			attributes = {
				LastSwiftUpdateCheck = 0900;
				LastUpgradeCheck = 0900;
				ORGANIZATIONNAME = "Taketomo Isazawa";
				TargetAttributes = {
					67F724131EEA006E0037605A = {
						CreatedOnToolsVersion = 9.0;
					};
					67F724291EEA006E0037605A = {
						CreatedOnToolsVersion = 9.0;
						TestTargetID = 67F724131EEA006E0037605A;
					};
					67F724341EEA006E0037605A = {
						CreatedOnToolsVersion = 9.0;
						TestTargetID = 67F724131EEA006E0037605A;
					};
				};
			};
			buildConfigurationList = 67F7240F1EEA006E0037605A /* Build configuration list for PBXProject "3DDrawingTest" */;
			compatibilityVersion = "Xcode 8.0";
			developmentRegion = en;
			hasScannedForEncodings = 0;
			knownRegions = (
				en,
				Base,
			);
			mainGroup = 67F7240B1EEA006E0037605A;
			productRefGroup = 67F724151EEA006E0037605A /* Products */;
			projectDirPath = "";
			projectRoot = "";
			targets = (
				67F724131EEA006E0037605A /* 3DDrawingTest */,
				67F724291EEA006E0037605A /* 3DDrawingTestTests */,
				67F724341EEA006E0037605A /* 3DDrawingTestUITests */,
			);
		};
/* End PBXProject section */

/* Begin PBXResourcesBuildPhase section */
		67F724121EEA006E0037605A /* Resources */ = {
			isa = PBXResourcesBuildPhase;
			buildActionMask = 2147483647;
			files = (
				67F7241A1EEA006E0037605A /* art.scnassets in Resources */,
				67F724241EEA006E0037605A /* LaunchScreen.storyboard in Resources */,
				67F724211EEA006E0037605A /* Assets.xcassets in Resources */,
				67F7241F1EEA006E0037605A /* Main.storyboard in Resources */,
			);
			runOnlyForDeploymentPostprocessing = 0;
		};
		67F724281EEA006E0037605A /* Resources */ = {
			isa = PBXResourcesBuildPhase;
			buildActionMask = 2147483647;
			files = (
			);
			runOnlyForDeploymentPostprocessing = 0;
		};
		67F724331EEA006E0037605A /* Resources */ = {
			isa = PBXResourcesBuildPhase;
			buildActionMask = 2147483647;
			files = (
			);
			runOnlyForDeploymentPostprocessing = 0;
		};
/* End PBXResourcesBuildPhase section */

/* Begin PBXSourcesBuildPhase section */
		67F724101EEA006E0037605A /* Sources */ = {
			isa = PBXSourcesBuildPhase;
			buildActionMask = 2147483647;
			files = (
				67F7241C1EEA006E0037605A /* ViewController.swift in Sources */,
				67F724481EEA01A60037605A /* DrawNode.swift in Sources */,
				67F724181EEA006E0037605A /* AppDelegate.swift in Sources */,
			);
			runOnlyForDeploymentPostprocessing = 0;
		};
		67F724261EEA006E0037605A /* Sources */ = {
			isa = PBXSourcesBuildPhase;
			buildActionMask = 2147483647;
			files = (
				67F7242F1EEA006E0037605A /* _DDrawingTestTests.swift in Sources */,
			);
			runOnlyForDeploymentPostprocessing = 0;
		};
		67F724311EEA006E0037605A /* Sources */ = {
			isa = PBXSourcesBuildPhase;
			buildActionMask = 2147483647;
			files = (
				67F7243A1EEA006E0037605A /* _DDrawingTestUITests.swift in Sources */,
			);
			runOnlyForDeploymentPostprocessing = 0;
		};
/* End PBXSourcesBuildPhase section */

/* Begin PBXTargetDependency section */
		67F7242C1EEA006E0037605A /* PBXTargetDependency */ = {
			isa = PBXTargetDependency;
			target = 67F724131EEA006E0037605A /* 3DDrawingTest */;
			targetProxy = 67F7242B1EEA006E0037605A /* PBXContainerItemProxy */;
		};
		67F724371EEA006E0037605A /* PBXTargetDependency */ = {
			isa = PBXTargetDependency;
			target = 67F724131EEA006E0037605A /* 3DDrawingTest */;
			targetProxy = 67F724361EEA006E0037605A /* PBXContainerItemProxy */;
		};
/* End PBXTargetDependency section */

/* Begin PBXVariantGroup section */
		67F7241D1EEA006E0037605A /* Main.storyboard */ = {
			isa = PBXVariantGroup;
			children = (
				67F7241E1EEA006E0037605A /* Base */,
			);
			name = Main.storyboard;
			sourceTree = "<group>";
		};
		67F724221EEA006E0037605A /* LaunchScreen.storyboard */ = {
			isa = PBXVariantGroup;
			children = (
				67F724231EEA006E0037605A /* Base */,
			);
			name = LaunchScreen.storyboard;
			sourceTree = "<group>";
		};
/* End PBXVariantGroup section */

/* Begin XCBuildConfiguration section */
		67F7243C1EEA006E0037605A /* Debug */ = {
			isa = XCBuildConfiguration;
			buildSettings = {
				ALWAYS_SEARCH_USER_PATHS = NO;
				CLANG_ANALYZER_NONNULL = YES;
				CLANG_ANALYZER_NUMBER_OBJECT_CONVERSION = YES_AGGRESSIVE;
				CLANG_CXX_LANGUAGE_STANDARD = "gnu++14";
				CLANG_CXX_LIBRARY = "libc++";
				CLANG_ENABLE_MODULES = YES;
				CLANG_ENABLE_OBJC_ARC = YES;
				CLANG_WARN_BLOCK_CAPTURE_AUTORELEASING = YES;
				CLANG_WARN_BOOL_CONVERSION = YES;
				CLANG_WARN_COMMA = YES;
				CLANG_WARN_CONSTANT_CONVERSION = YES;
				CLANG_WARN_DIRECT_OBJC_ISA_USAGE = YES_ERROR;
				CLANG_WARN_DOCUMENTATION_COMMENTS = YES;
				CLANG_WARN_EMPTY_BODY = YES;
				CLANG_WARN_ENUM_CONVERSION = YES;
				CLANG_WARN_INFINITE_RECURSION = YES;
				CLANG_WARN_INT_CONVERSION = YES;
				CLANG_WARN_OBJC_ROOT_CLASS = YES_ERROR;
				CLANG_WARN_RANGE_LOOP_ANALYSIS = YES;
				CLANG_WARN_STRICT_PROTOTYPES = YES;
				CLANG_WARN_SUSPICIOUS_MOVE = YES;
				CLANG_WARN_UNGUARDED_AVAILABILITY = YES_AGGRESSIVE;
				CLANG_WARN_UNREACHABLE_CODE = YES;
				CLANG_WARN__DUPLICATE_METHOD_MATCH = YES;
				CODE_SIGN_IDENTITY = "iPhone Developer";
				COPY_PHASE_STRIP = NO;
				DEBUG_INFORMATION_FORMAT = dwarf;
				ENABLE_STRICT_OBJC_MSGSEND = YES;
				ENABLE_TESTABILITY = YES;
				GCC_C_LANGUAGE_STANDARD = gnu11;
				GCC_DYNAMIC_NO_PIC = NO;
				GCC_NO_COMMON_BLOCKS = YES;
				GCC_OPTIMIZATION_LEVEL = 0;
				GCC_PREPROCESSOR_DEFINITIONS = (
					"DEBUG=1",
					"$(inherited)",
				);
				GCC_WARN_64_TO_32_BIT_CONVERSION = YES;
				GCC_WARN_ABOUT_RETURN_TYPE = YES_ERROR;
				GCC_WARN_UNDECLARED_SELECTOR = YES;
				GCC_WARN_UNINITIALIZED_AUTOS = YES_AGGRESSIVE;
				GCC_WARN_UNUSED_FUNCTION = YES;
				GCC_WARN_UNUSED_VARIABLE = YES;
				IPHONEOS_DEPLOYMENT_TARGET = 11.0;
				MTL_ENABLE_DEBUG_INFO = YES;
				ONLY_ACTIVE_ARCH = YES;
				SDKROOT = iphoneos;
				SWIFT_ACTIVE_COMPILATION_CONDITIONS = DEBUG;
				SWIFT_OPTIMIZATION_LEVEL = "-Onone";
			};
			name = Debug;
		};
		67F7243D1EEA006E0037605A /* Release */ = {
			isa = XCBuildConfiguration;
			buildSettings = {
				ALWAYS_SEARCH_USER_PATHS = NO;
				CLANG_ANALYZER_NONNULL = YES;
				CLANG_ANALYZER_NUMBER_OBJECT_CONVERSION = YES_AGGRESSIVE;
				CLANG_CXX_LANGUAGE_STANDARD = "gnu++14";
				CLANG_CXX_LIBRARY = "libc++";
				CLANG_ENABLE_MODULES = YES;
				CLANG_ENABLE_OBJC_ARC = YES;
				CLANG_WARN_BLOCK_CAPTURE_AUTORELEASING = YES;
				CLANG_WARN_BOOL_CONVERSION = YES;
				CLANG_WARN_COMMA = YES;
				CLANG_WARN_CONSTANT_CONVERSION = YES;
				CLANG_WARN_DIRECT_OBJC_ISA_USAGE = YES_ERROR;
				CLANG_WARN_DOCUMENTATION_COMMENTS = YES;
				CLANG_WARN_EMPTY_BODY = YES;
				CLANG_WARN_ENUM_CONVERSION = YES;
				CLANG_WARN_INFINITE_RECURSION = YES;
				CLANG_WARN_INT_CONVERSION = YES;
				CLANG_WARN_OBJC_ROOT_CLASS = YES_ERROR;
				CLANG_WARN_RANGE_LOOP_ANALYSIS = YES;
				CLANG_WARN_STRICT_PROTOTYPES = YES;
				CLANG_WARN_SUSPICIOUS_MOVE = YES;
				CLANG_WARN_UNGUARDED_AVAILABILITY = YES_AGGRESSIVE;
				CLANG_WARN_UNREACHABLE_CODE = YES;
				CLANG_WARN__DUPLICATE_METHOD_MATCH = YES;
				CODE_SIGN_IDENTITY = "iPhone Developer";
				COPY_PHASE_STRIP = NO;
				DEBUG_INFORMATION_FORMAT = "dwarf-with-dsym";
				ENABLE_NS_ASSERTIONS = NO;
				ENABLE_STRICT_OBJC_MSGSEND = YES;
				GCC_C_LANGUAGE_STANDARD = gnu11;
				GCC_NO_COMMON_BLOCKS = YES;
				GCC_WARN_64_TO_32_BIT_CONVERSION = YES;
				GCC_WARN_ABOUT_RETURN_TYPE = YES_ERROR;
				GCC_WARN_UNDECLARED_SELECTOR = YES;
				GCC_WARN_UNINITIALIZED_AUTOS = YES_AGGRESSIVE;
				GCC_WARN_UNUSED_FUNCTION = YES;
				GCC_WARN_UNUSED_VARIABLE = YES;
				IPHONEOS_DEPLOYMENT_TARGET = 11.0;
				MTL_ENABLE_DEBUG_INFO = NO;
				SDKROOT = iphoneos;
				SWIFT_OPTIMIZATION_LEVEL = "-Owholemodule";
				VALIDATE_PRODUCT = YES;
			};
			name = Release;
		};
		67F7243F1EEA006E0037605A /* Debug */ = {
			isa = XCBuildConfiguration;
			buildSettings = {
				ASSETCATALOG_COMPILER_APPICON_NAME = AppIcon;
				DEVELOPMENT_TEAM = KZDMSZY72Y;
				INFOPLIST_FILE = 3DDrawingTest/Info.plist;
				LD_RUNPATH_SEARCH_PATHS = "$(inherited) @executable_path/Frameworks";
				PRODUCT_BUNDLE_IDENTIFIER = "titaniumapps.-DDrawingTest";
				PRODUCT_NAME = "$(TARGET_NAME)";
				SWIFT_VERSION = 4.0;
				TARGETED_DEVICE_FAMILY = "1,2";
			};
			name = Debug;
		};
		67F724401EEA006E0037605A /* Release */ = {
			isa = XCBuildConfiguration;
			buildSettings = {
				ASSETCATALOG_COMPILER_APPICON_NAME = AppIcon;
				DEVELOPMENT_TEAM = KZDMSZY72Y;
				INFOPLIST_FILE = 3DDrawingTest/Info.plist;
				LD_RUNPATH_SEARCH_PATHS = "$(inherited) @executable_path/Frameworks";
				PRODUCT_BUNDLE_IDENTIFIER = "titaniumapps.-DDrawingTest";
				PRODUCT_NAME = "$(TARGET_NAME)";
				SWIFT_VERSION = 4.0;
				TARGETED_DEVICE_FAMILY = "1,2";
			};
			name = Release;
		};
		67F724421EEA006E0037605A /* Debug */ = {
			isa = XCBuildConfiguration;
			buildSettings = {
				ALWAYS_EMBED_SWIFT_STANDARD_LIBRARIES = YES;
				BUNDLE_LOADER = "$(TEST_HOST)";
				INFOPLIST_FILE = 3DDrawingTestTests/Info.plist;
				LD_RUNPATH_SEARCH_PATHS = "$(inherited) @executable_path/Frameworks @loader_path/Frameworks";
				PRODUCT_BUNDLE_IDENTIFIER = "titaniumapps.-DDrawingTestTests";
				PRODUCT_NAME = "$(TARGET_NAME)";
				SWIFT_VERSION = 4.0;
				TARGETED_DEVICE_FAMILY = "1,2";
				TEST_HOST = "$(BUILT_PRODUCTS_DIR)/3DDrawingTest.app/3DDrawingTest";
			};
			name = Debug;
		};
		67F724431EEA006E0037605A /* Release */ = {
			isa = XCBuildConfiguration;
			buildSettings = {
				ALWAYS_EMBED_SWIFT_STANDARD_LIBRARIES = YES;
				BUNDLE_LOADER = "$(TEST_HOST)";
				INFOPLIST_FILE = 3DDrawingTestTests/Info.plist;
				LD_RUNPATH_SEARCH_PATHS = "$(inherited) @executable_path/Frameworks @loader_path/Frameworks";
				PRODUCT_BUNDLE_IDENTIFIER = "titaniumapps.-DDrawingTestTests";
				PRODUCT_NAME = "$(TARGET_NAME)";
				SWIFT_VERSION = 4.0;
				TARGETED_DEVICE_FAMILY = "1,2";
				TEST_HOST = "$(BUILT_PRODUCTS_DIR)/3DDrawingTest.app/3DDrawingTest";
			};
			name = Release;
		};
		67F724451EEA006E0037605A /* Debug */ = {
			isa = XCBuildConfiguration;
			buildSettings = {
				ALWAYS_EMBED_SWIFT_STANDARD_LIBRARIES = YES;
				INFOPLIST_FILE = 3DDrawingTestUITests/Info.plist;
				LD_RUNPATH_SEARCH_PATHS = "$(inherited) @executable_path/Frameworks @loader_path/Frameworks";
				PRODUCT_BUNDLE_IDENTIFIER = "titaniumapps.-DDrawingTestUITests";
				PRODUCT_NAME = "$(TARGET_NAME)";
				SWIFT_VERSION = 4.0;
				TARGETED_DEVICE_FAMILY = "1,2";
				TEST_TARGET_NAME = 3DDrawingTest;
			};
			name = Debug;
		};
		67F724461EEA006E0037605A /* Release */ = {
			isa = XCBuildConfiguration;
			buildSettings = {
				ALWAYS_EMBED_SWIFT_STANDARD_LIBRARIES = YES;
				INFOPLIST_FILE = 3DDrawingTestUITests/Info.plist;
				LD_RUNPATH_SEARCH_PATHS = "$(inherited) @executable_path/Frameworks @loader_path/Frameworks";
				PRODUCT_BUNDLE_IDENTIFIER = "titaniumapps.-DDrawingTestUITests";
				PRODUCT_NAME = "$(TARGET_NAME)";
				SWIFT_VERSION = 4.0;
				TARGETED_DEVICE_FAMILY = "1,2";
				TEST_TARGET_NAME = 3DDrawingTest;
			};
			name = Release;
		};
/* End XCBuildConfiguration section */

/* Begin XCConfigurationList section */
		67F7240F1EEA006E0037605A /* Build configuration list for PBXProject "3DDrawingTest" */ = {
			isa = XCConfigurationList;
			buildConfigurations = (
				67F7243C1EEA006E0037605A /* Debug */,
				67F7243D1EEA006E0037605A /* Release */,
			);
			defaultConfigurationIsVisible = 0;
			defaultConfigurationName = Release;
		};
		67F7243E1EEA006E0037605A /* Build configuration list for PBXNativeTarget "3DDrawingTest" */ = {
			isa = XCConfigurationList;
			buildConfigurations = (
				67F7243F1EEA006E0037605A /* Debug */,
				67F724401EEA006E0037605A /* Release */,
			);
			defaultConfigurationIsVisible = 0;
		};
		67F724411EEA006E0037605A /* Build configuration list for PBXNativeTarget "3DDrawingTestTests" */ = {
			isa = XCConfigurationList;
			buildConfigurations = (
				67F724421EEA006E0037605A /* Debug */,
				67F724431EEA006E0037605A /* Release */,
			);
			defaultConfigurationIsVisible = 0;
		};
		67F724441EEA006E0037605A /* Build configuration list for PBXNativeTarget "3DDrawingTestUITests" */ = {
			isa = XCConfigurationList;
			buildConfigurations = (
				67F724451EEA006E0037605A /* Debug */,
				67F724461EEA006E0037605A /* Release */,
			);
			defaultConfigurationIsVisible = 0;
		};
/* End XCConfigurationList section */
	};
	rootObject = 67F7240C1EEA006E0037605A /* Project object */;
}
