// !$*UTF8*$!
{
	archiveVersion = 1;
	classes = {
	};
	objectVersion = 48;
	objects = {

/* Begin PBXBuildFile section */
		14CCF21C75E0C160E60583C6 /* Pods_DrawTime.framework in Frameworks */ = {isa = PBXBuildFile; fileRef = DF6F07880F9C109D10747A6A /* Pods_DrawTime.framework */; };
		4B8190551A5F4AD025815593 /* Pods_DrawTimeTests.framework in Frameworks */ = {isa = PBXBuildFile; fileRef = 5666B2644FA10B54F974E6B8 /* Pods_DrawTimeTests.framework */; };
		5272E05C1EE8928200C1C4D0 /* AppDelegate.swift in Sources */ = {isa = PBXBuildFile; fileRef = 5272E05B1EE8928200C1C4D0 /* AppDelegate.swift */; };
		5272E05E1EE8928200C1C4D0 /* art.scnassets in Resources */ = {isa = PBXBuildFile; fileRef = 5272E05D1EE8928200C1C4D0 /* art.scnassets */; };
		5272E0601EE8928200C1C4D0 /* ViewController.swift in Sources */ = {isa = PBXBuildFile; fileRef = 5272E05F1EE8928200C1C4D0 /* ViewController.swift */; };
		5272E0631EE8928200C1C4D0 /* Main.storyboard in Resources */ = {isa = PBXBuildFile; fileRef = 5272E0611EE8928200C1C4D0 /* Main.storyboard */; };
		5272E0651EE8928200C1C4D0 /* Assets.xcassets in Resources */ = {isa = PBXBuildFile; fileRef = 5272E0641EE8928200C1C4D0 /* Assets.xcassets */; };
		5272E0681EE8928200C1C4D0 /* LaunchScreen.storyboard in Resources */ = {isa = PBXBuildFile; fileRef = 5272E0661EE8928200C1C4D0 /* LaunchScreen.storyboard */; };
		5272E0731EE8928200C1C4D0 /* DrawTimeTests.swift in Sources */ = {isa = PBXBuildFile; fileRef = 5272E0721EE8928200C1C4D0 /* DrawTimeTests.swift */; };
		5272E07E1EE8928200C1C4D0 /* DrawTimeUITests.swift in Sources */ = {isa = PBXBuildFile; fileRef = 5272E07D1EE8928200C1C4D0 /* DrawTimeUITests.swift */; };
		52EAD50E1EE8B942006D41DA /* Drawing.swift in Sources */ = {isa = PBXBuildFile; fileRef = 52EAD50D1EE8B942006D41DA /* Drawing.swift */; };
		EDF8BA89396EEA50809D76E8 /* Pods_DrawTimeUITests.framework in Frameworks */ = {isa = PBXBuildFile; fileRef = 6B55669E51B829B4D3EBF4A2 /* Pods_DrawTimeUITests.framework */; };
/* End PBXBuildFile section */

/* Begin PBXContainerItemProxy section */
		5272E06F1EE8928200C1C4D0 /* PBXContainerItemProxy */ = {
			isa = PBXContainerItemProxy;
			containerPortal = 5272E0501EE8928200C1C4D0 /* Project object */;
			proxyType = 1;
			remoteGlobalIDString = 5272E0571EE8928200C1C4D0;
			remoteInfo = DrawTime;
		};
		5272E07A1EE8928200C1C4D0 /* PBXContainerItemProxy */ = {
			isa = PBXContainerItemProxy;
			containerPortal = 5272E0501EE8928200C1C4D0 /* Project object */;
			proxyType = 1;
			remoteGlobalIDString = 5272E0571EE8928200C1C4D0;
			remoteInfo = DrawTime;
		};
/* End PBXContainerItemProxy section */

/* Begin PBXFileReference section */
		32F36D0FF7217140778E63AF /* Pods-DrawTimeTests.debug.xcconfig */ = {isa = PBXFileReference; includeInIndex = 1; lastKnownFileType = text.xcconfig; name = "Pods-DrawTimeTests.debug.xcconfig"; path = "Pods/Target Support Files/Pods-DrawTimeTests/Pods-DrawTimeTests.debug.xcconfig"; sourceTree = "<group>"; };
		5272E0581EE8928200C1C4D0 /* DrawTime.app */ = {isa = PBXFileReference; explicitFileType = wrapper.application; includeInIndex = 0; path = DrawTime.app; sourceTree = BUILT_PRODUCTS_DIR; };
		5272E05B1EE8928200C1C4D0 /* AppDelegate.swift */ = {isa = PBXFileReference; lastKnownFileType = sourcecode.swift; path = AppDelegate.swift; sourceTree = "<group>"; };
		5272E05D1EE8928200C1C4D0 /* art.scnassets */ = {isa = PBXFileReference; lastKnownFileType = wrapper.scnassets; path = art.scnassets; sourceTree = "<group>"; };
		5272E05F1EE8928200C1C4D0 /* ViewController.swift */ = {isa = PBXFileReference; lastKnownFileType = sourcecode.swift; path = ViewController.swift; sourceTree = "<group>"; };
		5272E0621EE8928200C1C4D0 /* Base */ = {isa = PBXFileReference; lastKnownFileType = file.storyboard; name = Base; path = Base.lproj/Main.storyboard; sourceTree = "<group>"; };
		5272E0641EE8928200C1C4D0 /* Assets.xcassets */ = {isa = PBXFileReference; lastKnownFileType = folder.assetcatalog; path = Assets.xcassets; sourceTree = "<group>"; };
		5272E0671EE8928200C1C4D0 /* Base */ = {isa = PBXFileReference; lastKnownFileType = file.storyboard; name = Base; path = Base.lproj/LaunchScreen.storyboard; sourceTree = "<group>"; };
		5272E0691EE8928200C1C4D0 /* Info.plist */ = {isa = PBXFileReference; lastKnownFileType = text.plist.xml; path = Info.plist; sourceTree = "<group>"; };
		5272E06E1EE8928200C1C4D0 /* DrawTimeTests.xctest */ = {isa = PBXFileReference; explicitFileType = wrapper.cfbundle; includeInIndex = 0; path = DrawTimeTests.xctest; sourceTree = BUILT_PRODUCTS_DIR; };
		5272E0721EE8928200C1C4D0 /* DrawTimeTests.swift */ = {isa = PBXFileReference; lastKnownFileType = sourcecode.swift; path = DrawTimeTests.swift; sourceTree = "<group>"; };
		5272E0741EE8928200C1C4D0 /* Info.plist */ = {isa = PBXFileReference; lastKnownFileType = text.plist.xml; path = Info.plist; sourceTree = "<group>"; };
		5272E0791EE8928200C1C4D0 /* DrawTimeUITests.xctest */ = {isa = PBXFileReference; explicitFileType = wrapper.cfbundle; includeInIndex = 0; path = DrawTimeUITests.xctest; sourceTree = BUILT_PRODUCTS_DIR; };
		5272E07D1EE8928200C1C4D0 /* DrawTimeUITests.swift */ = {isa = PBXFileReference; lastKnownFileType = sourcecode.swift; path = DrawTimeUITests.swift; sourceTree = "<group>"; };
		5272E07F1EE8928200C1C4D0 /* Info.plist */ = {isa = PBXFileReference; lastKnownFileType = text.plist.xml; path = Info.plist; sourceTree = "<group>"; };
		5272E08B1EE8A8E100C1C4D0 /* DrawTime.entitlements */ = {isa = PBXFileReference; lastKnownFileType = text.plist.entitlements; path = DrawTime.entitlements; sourceTree = "<group>"; };
		52EAD50D1EE8B942006D41DA /* Drawing.swift */ = {isa = PBXFileReference; lastKnownFileType = sourcecode.swift; path = Drawing.swift; sourceTree = "<group>"; };
		5666B2644FA10B54F974E6B8 /* Pods_DrawTimeTests.framework */ = {isa = PBXFileReference; explicitFileType = wrapper.framework; includeInIndex = 0; path = Pods_DrawTimeTests.framework; sourceTree = BUILT_PRODUCTS_DIR; };
		6B55669E51B829B4D3EBF4A2 /* Pods_DrawTimeUITests.framework */ = {isa = PBXFileReference; explicitFileType = wrapper.framework; includeInIndex = 0; path = Pods_DrawTimeUITests.framework; sourceTree = BUILT_PRODUCTS_DIR; };
		ABA33505416FF93F807DE8BD /* Pods-DrawTimeTests.release.xcconfig */ = {isa = PBXFileReference; includeInIndex = 1; lastKnownFileType = text.xcconfig; name = "Pods-DrawTimeTests.release.xcconfig"; path = "Pods/Target Support Files/Pods-DrawTimeTests/Pods-DrawTimeTests.release.xcconfig"; sourceTree = "<group>"; };
		C33008DB5A091FC56E7908DD /* Pods-DrawTimeUITests.release.xcconfig */ = {isa = PBXFileReference; includeInIndex = 1; lastKnownFileType = text.xcconfig; name = "Pods-DrawTimeUITests.release.xcconfig"; path = "Pods/Target Support Files/Pods-DrawTimeUITests/Pods-DrawTimeUITests.release.xcconfig"; sourceTree = "<group>"; };
		DF6F07880F9C109D10747A6A /* Pods_DrawTime.framework */ = {isa = PBXFileReference; explicitFileType = wrapper.framework; includeInIndex = 0; path = Pods_DrawTime.framework; sourceTree = BUILT_PRODUCTS_DIR; };
		E28D7BA71F1C4E10A2E7B23A /* Pods-DrawTimeUITests.debug.xcconfig */ = {isa = PBXFileReference; includeInIndex = 1; lastKnownFileType = text.xcconfig; name = "Pods-DrawTimeUITests.debug.xcconfig"; path = "Pods/Target Support Files/Pods-DrawTimeUITests/Pods-DrawTimeUITests.debug.xcconfig"; sourceTree = "<group>"; };
		EA10B8BF38255E3CC663276C /* Pods-DrawTime.debug.xcconfig */ = {isa = PBXFileReference; includeInIndex = 1; lastKnownFileType = text.xcconfig; name = "Pods-DrawTime.debug.xcconfig"; path = "Pods/Target Support Files/Pods-DrawTime/Pods-DrawTime.debug.xcconfig"; sourceTree = "<group>"; };
		F65CF2946959DBE3638F2387 /* Pods-DrawTime.release.xcconfig */ = {isa = PBXFileReference; includeInIndex = 1; lastKnownFileType = text.xcconfig; name = "Pods-DrawTime.release.xcconfig"; path = "Pods/Target Support Files/Pods-DrawTime/Pods-DrawTime.release.xcconfig"; sourceTree = "<group>"; };
/* End PBXFileReference section */

/* Begin PBXFrameworksBuildPhase section */
		5272E0551EE8928200C1C4D0 /* Frameworks */ = {
			isa = PBXFrameworksBuildPhase;
			buildActionMask = 2147483647;
			files = (
				14CCF21C75E0C160E60583C6 /* Pods_DrawTime.framework in Frameworks */,
			);
			runOnlyForDeploymentPostprocessing = 0;
		};
		5272E06B1EE8928200C1C4D0 /* Frameworks */ = {
			isa = PBXFrameworksBuildPhase;
			buildActionMask = 2147483647;
			files = (
				4B8190551A5F4AD025815593 /* Pods_DrawTimeTests.framework in Frameworks */,
			);
			runOnlyForDeploymentPostprocessing = 0;
		};
		5272E0761EE8928200C1C4D0 /* Frameworks */ = {
			isa = PBXFrameworksBuildPhase;
			buildActionMask = 2147483647;
			files = (
				EDF8BA89396EEA50809D76E8 /* Pods_DrawTimeUITests.framework in Frameworks */,
			);
			runOnlyForDeploymentPostprocessing = 0;
		};
/* End PBXFrameworksBuildPhase section */

/* Begin PBXGroup section */
		23B331489290062C7A23C417 /* Frameworks */ = {
			isa = PBXGroup;
			children = (
				DF6F07880F9C109D10747A6A /* Pods_DrawTime.framework */,
				5666B2644FA10B54F974E6B8 /* Pods_DrawTimeTests.framework */,
				6B55669E51B829B4D3EBF4A2 /* Pods_DrawTimeUITests.framework */,
			);
			name = Frameworks;
			sourceTree = "<group>";
		};
		5272E04F1EE8928200C1C4D0 = {
			isa = PBXGroup;
			children = (
				5272E05A1EE8928200C1C4D0 /* DrawTime */,
				5272E0711EE8928200C1C4D0 /* DrawTimeTests */,
				5272E07C1EE8928200C1C4D0 /* DrawTimeUITests */,
				5272E0591EE8928200C1C4D0 /* Products */,
				90BFE40E93E4EB8C30641485 /* Pods */,
				23B331489290062C7A23C417 /* Frameworks */,
			);
			sourceTree = "<group>";
		};
		5272E0591EE8928200C1C4D0 /* Products */ = {
			isa = PBXGroup;
			children = (
				5272E0581EE8928200C1C4D0 /* DrawTime.app */,
				5272E06E1EE8928200C1C4D0 /* DrawTimeTests.xctest */,
				5272E0791EE8928200C1C4D0 /* DrawTimeUITests.xctest */,
			);
			name = Products;
			sourceTree = "<group>";
		};
		5272E05A1EE8928200C1C4D0 /* DrawTime */ = {
			isa = PBXGroup;
			children = (
				5272E08B1EE8A8E100C1C4D0 /* DrawTime.entitlements */,
				5272E05B1EE8928200C1C4D0 /* AppDelegate.swift */,
				5272E05D1EE8928200C1C4D0 /* art.scnassets */,
				5272E05F1EE8928200C1C4D0 /* ViewController.swift */,
				5272E0611EE8928200C1C4D0 /* Main.storyboard */,
				5272E0641EE8928200C1C4D0 /* Assets.xcassets */,
				5272E0661EE8928200C1C4D0 /* LaunchScreen.storyboard */,
				5272E0691EE8928200C1C4D0 /* Info.plist */,
				52EAD50D1EE8B942006D41DA /* Drawing.swift */,
			);
			path = DrawTime;
			sourceTree = "<group>";
		};
		5272E0711EE8928200C1C4D0 /* DrawTimeTests */ = {
			isa = PBXGroup;
			children = (
				5272E0721EE8928200C1C4D0 /* DrawTimeTests.swift */,
				5272E0741EE8928200C1C4D0 /* Info.plist */,
			);
			path = DrawTimeTests;
			sourceTree = "<group>";
		};
		5272E07C1EE8928200C1C4D0 /* DrawTimeUITests */ = {
			isa = PBXGroup;
			children = (
				5272E07D1EE8928200C1C4D0 /* DrawTimeUITests.swift */,
				5272E07F1EE8928200C1C4D0 /* Info.plist */,
			);
			path = DrawTimeUITests;
			sourceTree = "<group>";
		};
		90BFE40E93E4EB8C30641485 /* Pods */ = {
			isa = PBXGroup;
			children = (
				EA10B8BF38255E3CC663276C /* Pods-DrawTime.debug.xcconfig */,
				F65CF2946959DBE3638F2387 /* Pods-DrawTime.release.xcconfig */,
				32F36D0FF7217140778E63AF /* Pods-DrawTimeTests.debug.xcconfig */,
				ABA33505416FF93F807DE8BD /* Pods-DrawTimeTests.release.xcconfig */,
				E28D7BA71F1C4E10A2E7B23A /* Pods-DrawTimeUITests.debug.xcconfig */,
				C33008DB5A091FC56E7908DD /* Pods-DrawTimeUITests.release.xcconfig */,
			);
			name = Pods;
			sourceTree = "<group>";
		};
/* End PBXGroup section */

/* Begin PBXNativeTarget section */
		5272E0571EE8928200C1C4D0 /* DrawTime */ = {
			isa = PBXNativeTarget;
			buildConfigurationList = 5272E0821EE8928200C1C4D0 /* Build configuration list for PBXNativeTarget "DrawTime" */;
			buildPhases = (
				B86514B47DDE88D86ACEBCAB /* [CP] Check Pods Manifest.lock */,
				5272E0541EE8928200C1C4D0 /* Sources */,
				5272E0551EE8928200C1C4D0 /* Frameworks */,
				5272E0561EE8928200C1C4D0 /* Resources */,
				916BCFC7C8AEA460BEDEB71C /* [CP] Embed Pods Frameworks */,
				FFCA382E50CBD1943FB82B7F /* [CP] Copy Pods Resources */,
			);
			buildRules = (
			);
			dependencies = (
			);
			name = DrawTime;
			productName = DrawTime;
			productReference = 5272E0581EE8928200C1C4D0 /* DrawTime.app */;
			productType = "com.apple.product-type.application";
		};
		5272E06D1EE8928200C1C4D0 /* DrawTimeTests */ = {
			isa = PBXNativeTarget;
			buildConfigurationList = 5272E0851EE8928200C1C4D0 /* Build configuration list for PBXNativeTarget "DrawTimeTests" */;
			buildPhases = (
				F15282FDAAEB875C01853D30 /* [CP] Check Pods Manifest.lock */,
				5272E06A1EE8928200C1C4D0 /* Sources */,
				5272E06B1EE8928200C1C4D0 /* Frameworks */,
				5272E06C1EE8928200C1C4D0 /* Resources */,
				52EAD5051EE8B187006D41DA /* ShellScript */,
				AED900C0BA1FCB4B25C8BE91 /* [CP] Embed Pods Frameworks */,
				4D3B0D48FE05A0FB782705D3 /* [CP] Copy Pods Resources */,
			);
			buildRules = (
			);
			dependencies = (
				5272E0701EE8928200C1C4D0 /* PBXTargetDependency */,
			);
			name = DrawTimeTests;
			productName = DrawTimeTests;
			productReference = 5272E06E1EE8928200C1C4D0 /* DrawTimeTests.xctest */;
			productType = "com.apple.product-type.bundle.unit-test";
		};
		5272E0781EE8928200C1C4D0 /* DrawTimeUITests */ = {
			isa = PBXNativeTarget;
			buildConfigurationList = 5272E0881EE8928200C1C4D0 /* Build configuration list for PBXNativeTarget "DrawTimeUITests" */;
			buildPhases = (
				E03A5F2AAD6E5438113DA498 /* [CP] Check Pods Manifest.lock */,
				5272E0751EE8928200C1C4D0 /* Sources */,
				5272E0761EE8928200C1C4D0 /* Frameworks */,
				5272E0771EE8928200C1C4D0 /* Resources */,
				1813040CB036416694AEBCE1 /* [CP] Embed Pods Frameworks */,
				B8D07BE40AC9E2020C863A97 /* [CP] Copy Pods Resources */,
			);
			buildRules = (
			);
			dependencies = (
				5272E07B1EE8928200C1C4D0 /* PBXTargetDependency */,
			);
			name = DrawTimeUITests;
			productName = DrawTimeUITests;
			productReference = 5272E0791EE8928200C1C4D0 /* DrawTimeUITests.xctest */;
			productType = "com.apple.product-type.bundle.ui-testing";
		};
/* End PBXNativeTarget section */

/* Begin PBXProject section */
		5272E0501EE8928200C1C4D0 /* Project object */ = {
			isa = PBXProject;
			attributes = {
				LastSwiftUpdateCheck = 0900;
				LastUpgradeCheck = 0900;
				ORGANIZATIONNAME = "Cheeky WWDC";
				TargetAttributes = {
					5272E0571EE8928200C1C4D0 = {
						CreatedOnToolsVersion = 9.0;
						SystemCapabilities = {
							com.apple.Keychain = {
								enabled = 1;
							};
						};
					};
					5272E06D1EE8928200C1C4D0 = {
						CreatedOnToolsVersion = 9.0;
						TestTargetID = 5272E0571EE8928200C1C4D0;
					};
					5272E0781EE8928200C1C4D0 = {
						CreatedOnToolsVersion = 9.0;
						TestTargetID = 5272E0571EE8928200C1C4D0;
					};
				};
			};
			buildConfigurationList = 5272E0531EE8928200C1C4D0 /* Build configuration list for PBXProject "DrawTime" */;
			compatibilityVersion = "Xcode 8.0";
			developmentRegion = en;
			hasScannedForEncodings = 0;
			knownRegions = (
				en,
				Base,
			);
			mainGroup = 5272E04F1EE8928200C1C4D0;
			productRefGroup = 5272E0591EE8928200C1C4D0 /* Products */;
			projectDirPath = "";
			projectRoot = "";
			targets = (
				5272E0571EE8928200C1C4D0 /* DrawTime */,
				5272E06D1EE8928200C1C4D0 /* DrawTimeTests */,
				5272E0781EE8928200C1C4D0 /* DrawTimeUITests */,
			);
		};
/* End PBXProject section */

/* Begin PBXResourcesBuildPhase section */
		5272E0561EE8928200C1C4D0 /* Resources */ = {
			isa = PBXResourcesBuildPhase;
			buildActionMask = 2147483647;
			files = (
				5272E05E1EE8928200C1C4D0 /* art.scnassets in Resources */,
				5272E0681EE8928200C1C4D0 /* LaunchScreen.storyboard in Resources */,
				5272E0651EE8928200C1C4D0 /* Assets.xcassets in Resources */,
				5272E0631EE8928200C1C4D0 /* Main.storyboard in Resources */,
			);
			runOnlyForDeploymentPostprocessing = 0;
		};
		5272E06C1EE8928200C1C4D0 /* Resources */ = {
			isa = PBXResourcesBuildPhase;
			buildActionMask = 2147483647;
			files = (
			);
			runOnlyForDeploymentPostprocessing = 0;
		};
		5272E0771EE8928200C1C4D0 /* Resources */ = {
			isa = PBXResourcesBuildPhase;
			buildActionMask = 2147483647;
			files = (
			);
			runOnlyForDeploymentPostprocessing = 0;
		};
/* End PBXResourcesBuildPhase section */

/* Begin PBXShellScriptBuildPhase section */
		1813040CB036416694AEBCE1 /* [CP] Embed Pods Frameworks */ = {
			isa = PBXShellScriptBuildPhase;
			buildActionMask = 2147483647;
			files = (
			);
			inputPaths = (
			);
			name = "[CP] Embed Pods Frameworks";
			outputPaths = (
			);
			runOnlyForDeploymentPostprocessing = 0;
			shellPath = /bin/sh;
			shellScript = "\"${SRCROOT}/Pods/Target Support Files/Pods-DrawTimeUITests/Pods-DrawTimeUITests-frameworks.sh\"\n";
			showEnvVarsInLog = 0;
		};
		4D3B0D48FE05A0FB782705D3 /* [CP] Copy Pods Resources */ = {
			isa = PBXShellScriptBuildPhase;
			buildActionMask = 2147483647;
			files = (
			);
			inputPaths = (
			);
			name = "[CP] Copy Pods Resources";
			outputPaths = (
			);
			runOnlyForDeploymentPostprocessing = 0;
			shellPath = /bin/sh;
			shellScript = "\"${SRCROOT}/Pods/Target Support Files/Pods-DrawTimeTests/Pods-DrawTimeTests-resources.sh\"\n";
			showEnvVarsInLog = 0;
		};
		52EAD5051EE8B187006D41DA /* ShellScript */ = {
			isa = PBXShellScriptBuildPhase;
			buildActionMask = 2147483647;
			files = (
			);
			inputPaths = (
			);
			outputPaths = (
			);
			runOnlyForDeploymentPostprocessing = 0;
			shellPath = /bin/sh;
			shellScript = "bash \"${BUILT_PRODUCTS_DIR}/${FRAMEWORKS_FOLDER_PATH}/Realm.framework/strip-frameworks.sh\"";
		};
		916BCFC7C8AEA460BEDEB71C /* [CP] Embed Pods Frameworks */ = {
			isa = PBXShellScriptBuildPhase;
			buildActionMask = 2147483647;
			files = (
			);
			inputPaths = (
			);
			name = "[CP] Embed Pods Frameworks";
			outputPaths = (
			);
			runOnlyForDeploymentPostprocessing = 0;
			shellPath = /bin/sh;
			shellScript = "\"${SRCROOT}/Pods/Target Support Files/Pods-DrawTime/Pods-DrawTime-frameworks.sh\"\n";
			showEnvVarsInLog = 0;
		};
		AED900C0BA1FCB4B25C8BE91 /* [CP] Embed Pods Frameworks */ = {
			isa = PBXShellScriptBuildPhase;
			buildActionMask = 2147483647;
			files = (
			);
			inputPaths = (
			);
			name = "[CP] Embed Pods Frameworks";
			outputPaths = (
			);
			runOnlyForDeploymentPostprocessing = 0;
			shellPath = /bin/sh;
			shellScript = "\"${SRCROOT}/Pods/Target Support Files/Pods-DrawTimeTests/Pods-DrawTimeTests-frameworks.sh\"\n";
			showEnvVarsInLog = 0;
		};
		B86514B47DDE88D86ACEBCAB /* [CP] Check Pods Manifest.lock */ = {
			isa = PBXShellScriptBuildPhase;
			buildActionMask = 2147483647;
			files = (
			);
			inputPaths = (
			);
			name = "[CP] Check Pods Manifest.lock";
			outputPaths = (
			);
			runOnlyForDeploymentPostprocessing = 0;
			shellPath = /bin/sh;
			shellScript = "diff \"${PODS_PODFILE_DIR_PATH}/Podfile.lock\" \"${PODS_ROOT}/Manifest.lock\" > /dev/null\nif [ $? != 0 ] ; then\n    # print error to STDERR\n    echo \"error: The sandbox is not in sync with the Podfile.lock. Run 'pod install' or update your CocoaPods installation.\" >&2\n    exit 1\nfi\n";
			showEnvVarsInLog = 0;
		};
		B8D07BE40AC9E2020C863A97 /* [CP] Copy Pods Resources */ = {
			isa = PBXShellScriptBuildPhase;
			buildActionMask = 2147483647;
			files = (
			);
			inputPaths = (
			);
			name = "[CP] Copy Pods Resources";
			outputPaths = (
			);
			runOnlyForDeploymentPostprocessing = 0;
			shellPath = /bin/sh;
			shellScript = "\"${SRCROOT}/Pods/Target Support Files/Pods-DrawTimeUITests/Pods-DrawTimeUITests-resources.sh\"\n";
			showEnvVarsInLog = 0;
		};
		E03A5F2AAD6E5438113DA498 /* [CP] Check Pods Manifest.lock */ = {
			isa = PBXShellScriptBuildPhase;
			buildActionMask = 2147483647;
			files = (
			);
			inputPaths = (
			);
			name = "[CP] Check Pods Manifest.lock";
			outputPaths = (
			);
			runOnlyForDeploymentPostprocessing = 0;
			shellPath = /bin/sh;
			shellScript = "diff \"${PODS_PODFILE_DIR_PATH}/Podfile.lock\" \"${PODS_ROOT}/Manifest.lock\" > /dev/null\nif [ $? != 0 ] ; then\n    # print error to STDERR\n    echo \"error: The sandbox is not in sync with the Podfile.lock. Run 'pod install' or update your CocoaPods installation.\" >&2\n    exit 1\nfi\n";
			showEnvVarsInLog = 0;
		};
		F15282FDAAEB875C01853D30 /* [CP] Check Pods Manifest.lock */ = {
			isa = PBXShellScriptBuildPhase;
			buildActionMask = 2147483647;
			files = (
			);
			inputPaths = (
			);
			name = "[CP] Check Pods Manifest.lock";
			outputPaths = (
			);
			runOnlyForDeploymentPostprocessing = 0;
			shellPath = /bin/sh;
			shellScript = "diff \"${PODS_PODFILE_DIR_PATH}/Podfile.lock\" \"${PODS_ROOT}/Manifest.lock\" > /dev/null\nif [ $? != 0 ] ; then\n    # print error to STDERR\n    echo \"error: The sandbox is not in sync with the Podfile.lock. Run 'pod install' or update your CocoaPods installation.\" >&2\n    exit 1\nfi\n";
			showEnvVarsInLog = 0;
		};
		FFCA382E50CBD1943FB82B7F /* [CP] Copy Pods Resources */ = {
			isa = PBXShellScriptBuildPhase;
			buildActionMask = 2147483647;
			files = (
			);
			inputPaths = (
			);
			name = "[CP] Copy Pods Resources";
			outputPaths = (
			);
			runOnlyForDeploymentPostprocessing = 0;
			shellPath = /bin/sh;
			shellScript = "\"${SRCROOT}/Pods/Target Support Files/Pods-DrawTime/Pods-DrawTime-resources.sh\"\n";
			showEnvVarsInLog = 0;
		};
/* End PBXShellScriptBuildPhase section */

/* Begin PBXSourcesBuildPhase section */
		5272E0541EE8928200C1C4D0 /* Sources */ = {
			isa = PBXSourcesBuildPhase;
			buildActionMask = 2147483647;
			files = (
				5272E0601EE8928200C1C4D0 /* ViewController.swift in Sources */,
				52EAD50E1EE8B942006D41DA /* Drawing.swift in Sources */,
				5272E05C1EE8928200C1C4D0 /* AppDelegate.swift in Sources */,
			);
			runOnlyForDeploymentPostprocessing = 0;
		};
		5272E06A1EE8928200C1C4D0 /* Sources */ = {
			isa = PBXSourcesBuildPhase;
			buildActionMask = 2147483647;
			files = (
				5272E0731EE8928200C1C4D0 /* DrawTimeTests.swift in Sources */,
			);
			runOnlyForDeploymentPostprocessing = 0;
		};
		5272E0751EE8928200C1C4D0 /* Sources */ = {
			isa = PBXSourcesBuildPhase;
			buildActionMask = 2147483647;
			files = (
				5272E07E1EE8928200C1C4D0 /* DrawTimeUITests.swift in Sources */,
			);
			runOnlyForDeploymentPostprocessing = 0;
		};
/* End PBXSourcesBuildPhase section */

/* Begin PBXTargetDependency section */
		5272E0701EE8928200C1C4D0 /* PBXTargetDependency */ = {
			isa = PBXTargetDependency;
			target = 5272E0571EE8928200C1C4D0 /* DrawTime */;
			targetProxy = 5272E06F1EE8928200C1C4D0 /* PBXContainerItemProxy */;
		};
		5272E07B1EE8928200C1C4D0 /* PBXTargetDependency */ = {
			isa = PBXTargetDependency;
			target = 5272E0571EE8928200C1C4D0 /* DrawTime */;
			targetProxy = 5272E07A1EE8928200C1C4D0 /* PBXContainerItemProxy */;
		};
/* End PBXTargetDependency section */

/* Begin PBXVariantGroup section */
		5272E0611EE8928200C1C4D0 /* Main.storyboard */ = {
			isa = PBXVariantGroup;
			children = (
				5272E0621EE8928200C1C4D0 /* Base */,
			);
			name = Main.storyboard;
			sourceTree = "<group>";
		};
		5272E0661EE8928200C1C4D0 /* LaunchScreen.storyboard */ = {
			isa = PBXVariantGroup;
			children = (
				5272E0671EE8928200C1C4D0 /* Base */,
			);
			name = LaunchScreen.storyboard;
			sourceTree = "<group>";
		};
/* End PBXVariantGroup section */

/* Begin XCBuildConfiguration section */
		5272E0801EE8928200C1C4D0 /* Debug */ = {
			isa = XCBuildConfiguration;
			buildSettings = {
				ALWAYS_SEARCH_USER_PATHS = NO;
				CLANG_ANALYZER_NONNULL = YES;
				CLANG_ANALYZER_NUMBER_OBJECT_CONVERSION = YES_AGGRESSIVE;
				CLANG_CXX_LANGUAGE_STANDARD = "gnu++14";
				CLANG_CXX_LIBRARY = "libc++";
				CLANG_ENABLE_MODULES = YES;
				CLANG_ENABLE_OBJC_ARC = YES;
				CLANG_WARN_BLOCK_CAPTURE_AUTORELEASING = YES;
				CLANG_WARN_BOOL_CONVERSION = YES;
				CLANG_WARN_COMMA = YES;
				CLANG_WARN_CONSTANT_CONVERSION = YES;
				CLANG_WARN_DIRECT_OBJC_ISA_USAGE = YES_ERROR;
				CLANG_WARN_DOCUMENTATION_COMMENTS = YES;
				CLANG_WARN_EMPTY_BODY = YES;
				CLANG_WARN_ENUM_CONVERSION = YES;
				CLANG_WARN_INFINITE_RECURSION = YES;
				CLANG_WARN_INT_CONVERSION = YES;
				CLANG_WARN_OBJC_ROOT_CLASS = YES_ERROR;
				CLANG_WARN_RANGE_LOOP_ANALYSIS = YES;
				CLANG_WARN_STRICT_PROTOTYPES = YES;
				CLANG_WARN_SUSPICIOUS_MOVE = YES;
				CLANG_WARN_UNGUARDED_AVAILABILITY = YES_AGGRESSIVE;
				CLANG_WARN_UNREACHABLE_CODE = YES;
				CLANG_WARN__DUPLICATE_METHOD_MATCH = YES;
				CODE_SIGN_IDENTITY = "iPhone Developer";
				COPY_PHASE_STRIP = NO;
				DEBUG_INFORMATION_FORMAT = dwarf;
				ENABLE_STRICT_OBJC_MSGSEND = YES;
				ENABLE_TESTABILITY = YES;
				GCC_C_LANGUAGE_STANDARD = gnu11;
				GCC_DYNAMIC_NO_PIC = NO;
				GCC_NO_COMMON_BLOCKS = YES;
				GCC_OPTIMIZATION_LEVEL = 0;
				GCC_PREPROCESSOR_DEFINITIONS = (
					"DEBUG=1",
					"$(inherited)",
				);
				GCC_WARN_64_TO_32_BIT_CONVERSION = YES;
				GCC_WARN_ABOUT_RETURN_TYPE = YES_ERROR;
				GCC_WARN_UNDECLARED_SELECTOR = YES;
				GCC_WARN_UNINITIALIZED_AUTOS = YES_AGGRESSIVE;
				GCC_WARN_UNUSED_FUNCTION = YES;
				GCC_WARN_UNUSED_VARIABLE = YES;
				IPHONEOS_DEPLOYMENT_TARGET = 11.0;
				MTL_ENABLE_DEBUG_INFO = YES;
				ONLY_ACTIVE_ARCH = YES;
				SDKROOT = iphoneos;
				SWIFT_ACTIVE_COMPILATION_CONDITIONS = DEBUG;
				SWIFT_OPTIMIZATION_LEVEL = "-Onone";
			};
			name = Debug;
		};
		5272E0811EE8928200C1C4D0 /* Release */ = {
			isa = XCBuildConfiguration;
			buildSettings = {
				ALWAYS_SEARCH_USER_PATHS = NO;
				CLANG_ANALYZER_NONNULL = YES;
				CLANG_ANALYZER_NUMBER_OBJECT_CONVERSION = YES_AGGRESSIVE;
				CLANG_CXX_LANGUAGE_STANDARD = "gnu++14";
				CLANG_CXX_LIBRARY = "libc++";
				CLANG_ENABLE_MODULES = YES;
				CLANG_ENABLE_OBJC_ARC = YES;
				CLANG_WARN_BLOCK_CAPTURE_AUTORELEASING = YES;
				CLANG_WARN_BOOL_CONVERSION = YES;
				CLANG_WARN_COMMA = YES;
				CLANG_WARN_CONSTANT_CONVERSION = YES;
				CLANG_WARN_DIRECT_OBJC_ISA_USAGE = YES_ERROR;
				CLANG_WARN_DOCUMENTATION_COMMENTS = YES;
				CLANG_WARN_EMPTY_BODY = YES;
				CLANG_WARN_ENUM_CONVERSION = YES;
				CLANG_WARN_INFINITE_RECURSION = YES;
				CLANG_WARN_INT_CONVERSION = YES;
				CLANG_WARN_OBJC_ROOT_CLASS = YES_ERROR;
				CLANG_WARN_RANGE_LOOP_ANALYSIS = YES;
				CLANG_WARN_STRICT_PROTOTYPES = YES;
				CLANG_WARN_SUSPICIOUS_MOVE = YES;
				CLANG_WARN_UNGUARDED_AVAILABILITY = YES_AGGRESSIVE;
				CLANG_WARN_UNREACHABLE_CODE = YES;
				CLANG_WARN__DUPLICATE_METHOD_MATCH = YES;
				CODE_SIGN_IDENTITY = "iPhone Developer";
				COPY_PHASE_STRIP = NO;
				DEBUG_INFORMATION_FORMAT = "dwarf-with-dsym";
				ENABLE_NS_ASSERTIONS = NO;
				ENABLE_STRICT_OBJC_MSGSEND = YES;
				GCC_C_LANGUAGE_STANDARD = gnu11;
				GCC_NO_COMMON_BLOCKS = YES;
				GCC_WARN_64_TO_32_BIT_CONVERSION = YES;
				GCC_WARN_ABOUT_RETURN_TYPE = YES_ERROR;
				GCC_WARN_UNDECLARED_SELECTOR = YES;
				GCC_WARN_UNINITIALIZED_AUTOS = YES_AGGRESSIVE;
				GCC_WARN_UNUSED_FUNCTION = YES;
				GCC_WARN_UNUSED_VARIABLE = YES;
				IPHONEOS_DEPLOYMENT_TARGET = 11.0;
				MTL_ENABLE_DEBUG_INFO = NO;
				SDKROOT = iphoneos;
				SWIFT_OPTIMIZATION_LEVEL = "-Owholemodule";
				VALIDATE_PRODUCT = YES;
			};
			name = Release;
		};
		5272E0831EE8928200C1C4D0 /* Debug */ = {
			isa = XCBuildConfiguration;
			baseConfigurationReference = EA10B8BF38255E3CC663276C /* Pods-DrawTime.debug.xcconfig */;
			buildSettings = {
				ASSETCATALOG_COMPILER_APPICON_NAME = AppIcon;
				CODE_SIGN_ENTITLEMENTS = DrawTime/DrawTime.entitlements;
				DEVELOPMENT_TEAM = JQ28K6Y7JE;
				FRAMEWORK_SEARCH_PATHS = (
					"$(inherited)",
					"$(PROJECT_DIR)",
				);
				INFOPLIST_FILE = DrawTime/Info.plist;
				LD_RUNPATH_SEARCH_PATHS = "$(inherited) @executable_path/Frameworks";
				PRODUCT_BUNDLE_IDENTIFIER = com.Cheeky.DrawTime;
				PRODUCT_NAME = "$(TARGET_NAME)";
				SWIFT_VERSION = 4.0;
				TARGETED_DEVICE_FAMILY = "1,2";
			};
			name = Debug;
		};
		5272E0841EE8928200C1C4D0 /* Release */ = {
			isa = XCBuildConfiguration;
			baseConfigurationReference = F65CF2946959DBE3638F2387 /* Pods-DrawTime.release.xcconfig */;
			buildSettings = {
				ASSETCATALOG_COMPILER_APPICON_NAME = AppIcon;
				CODE_SIGN_ENTITLEMENTS = DrawTime/DrawTime.entitlements;
				DEVELOPMENT_TEAM = JQ28K6Y7JE;
				FRAMEWORK_SEARCH_PATHS = (
					"$(inherited)",
					"$(PROJECT_DIR)",
				);
				INFOPLIST_FILE = DrawTime/Info.plist;
				LD_RUNPATH_SEARCH_PATHS = "$(inherited) @executable_path/Frameworks";
				PRODUCT_BUNDLE_IDENTIFIER = com.Cheeky.DrawTime;
				PRODUCT_NAME = "$(TARGET_NAME)";
				SWIFT_VERSION = 4.0;
				TARGETED_DEVICE_FAMILY = "1,2";
			};
			name = Release;
		};
		5272E0861EE8928200C1C4D0 /* Debug */ = {
			isa = XCBuildConfiguration;
			baseConfigurationReference = 32F36D0FF7217140778E63AF /* Pods-DrawTimeTests.debug.xcconfig */;
			buildSettings = {
				ALWAYS_EMBED_SWIFT_STANDARD_LIBRARIES = YES;
				BUNDLE_LOADER = "$(TEST_HOST)";
				DEVELOPMENT_TEAM = JQ28K6Y7JE;
				FRAMEWORK_SEARCH_PATHS = RealmSwift.framework;
				INFOPLIST_FILE = DrawTimeTests/Info.plist;
				LD_RUNPATH_SEARCH_PATHS = "$(inherited) @executable_path/Frameworks @loader_path/Frameworks";
				PRODUCT_BUNDLE_IDENTIFIER = com.Cheeky.DrawTimeTests;
				PRODUCT_NAME = "$(TARGET_NAME)";
				SWIFT_VERSION = 4.0;
				TARGETED_DEVICE_FAMILY = "1,2";
				TEST_HOST = "$(BUILT_PRODUCTS_DIR)/DrawTime.app/DrawTime";
			};
			name = Debug;
		};
		5272E0871EE8928200C1C4D0 /* Release */ = {
			isa = XCBuildConfiguration;
			baseConfigurationReference = ABA33505416FF93F807DE8BD /* Pods-DrawTimeTests.release.xcconfig */;
			buildSettings = {
				ALWAYS_EMBED_SWIFT_STANDARD_LIBRARIES = YES;
				BUNDLE_LOADER = "$(TEST_HOST)";
				DEVELOPMENT_TEAM = JQ28K6Y7JE;
				FRAMEWORK_SEARCH_PATHS = RealmSwift.framework;
				INFOPLIST_FILE = DrawTimeTests/Info.plist;
				LD_RUNPATH_SEARCH_PATHS = "$(inherited) @executable_path/Frameworks @loader_path/Frameworks";
				PRODUCT_BUNDLE_IDENTIFIER = com.Cheeky.DrawTimeTests;
				PRODUCT_NAME = "$(TARGET_NAME)";
				SWIFT_VERSION = 4.0;
				TARGETED_DEVICE_FAMILY = "1,2";
				TEST_HOST = "$(BUILT_PRODUCTS_DIR)/DrawTime.app/DrawTime";
			};
			name = Release;
		};
		5272E0891EE8928200C1C4D0 /* Debug */ = {
			isa = XCBuildConfiguration;
			baseConfigurationReference = E28D7BA71F1C4E10A2E7B23A /* Pods-DrawTimeUITests.debug.xcconfig */;
			buildSettings = {
				ALWAYS_EMBED_SWIFT_STANDARD_LIBRARIES = YES;
				DEVELOPMENT_TEAM = JQ28K6Y7JE;
				INFOPLIST_FILE = DrawTimeUITests/Info.plist;
				LD_RUNPATH_SEARCH_PATHS = "$(inherited) @executable_path/Frameworks @loader_path/Frameworks";
				PRODUCT_BUNDLE_IDENTIFIER = com.Cheeky.DrawTimeUITests;
				PRODUCT_NAME = "$(TARGET_NAME)";
				SWIFT_VERSION = 4.0;
				TARGETED_DEVICE_FAMILY = "1,2";
				TEST_TARGET_NAME = DrawTime;
			};
			name = Debug;
		};
		5272E08A1EE8928200C1C4D0 /* Release */ = {
			isa = XCBuildConfiguration;
			baseConfigurationReference = C33008DB5A091FC56E7908DD /* Pods-DrawTimeUITests.release.xcconfig */;
			buildSettings = {
				ALWAYS_EMBED_SWIFT_STANDARD_LIBRARIES = YES;
				DEVELOPMENT_TEAM = JQ28K6Y7JE;
				INFOPLIST_FILE = DrawTimeUITests/Info.plist;
				LD_RUNPATH_SEARCH_PATHS = "$(inherited) @executable_path/Frameworks @loader_path/Frameworks";
				PRODUCT_BUNDLE_IDENTIFIER = com.Cheeky.DrawTimeUITests;
				PRODUCT_NAME = "$(TARGET_NAME)";
				SWIFT_VERSION = 4.0;
				TARGETED_DEVICE_FAMILY = "1,2";
				TEST_TARGET_NAME = DrawTime;
			};
			name = Release;
		};
/* End XCBuildConfiguration section */

/* Begin XCConfigurationList section */
		5272E0531EE8928200C1C4D0 /* Build configuration list for PBXProject "DrawTime" */ = {
			isa = XCConfigurationList;
			buildConfigurations = (
				5272E0801EE8928200C1C4D0 /* Debug */,
				5272E0811EE8928200C1C4D0 /* Release */,
			);
			defaultConfigurationIsVisible = 0;
			defaultConfigurationName = Release;
		};
		5272E0821EE8928200C1C4D0 /* Build configuration list for PBXNativeTarget "DrawTime" */ = {
			isa = XCConfigurationList;
			buildConfigurations = (
				5272E0831EE8928200C1C4D0 /* Debug */,
				5272E0841EE8928200C1C4D0 /* Release */,
			);
			defaultConfigurationIsVisible = 0;
			defaultConfigurationName = Release;
		};
		5272E0851EE8928200C1C4D0 /* Build configuration list for PBXNativeTarget "DrawTimeTests" */ = {
			isa = XCConfigurationList;
			buildConfigurations = (
				5272E0861EE8928200C1C4D0 /* Debug */,
				5272E0871EE8928200C1C4D0 /* Release */,
			);
			defaultConfigurationIsVisible = 0;
			defaultConfigurationName = Release;
		};
		5272E0881EE8928200C1C4D0 /* Build configuration list for PBXNativeTarget "DrawTimeUITests" */ = {
			isa = XCConfigurationList;
			buildConfigurations = (
				5272E0891EE8928200C1C4D0 /* Debug */,
				5272E08A1EE8928200C1C4D0 /* Release */,
			);
			defaultConfigurationIsVisible = 0;
			defaultConfigurationName = Release;
		};
/* End XCConfigurationList section */
	};
	rootObject = 5272E0501EE8928200C1C4D0 /* Project object */;
}
